// !$*UTF8*$!
{
	archiveVersion = 1;
	classes = {
	};
	objectVersion = 46;
	objects = {

/* Begin PBXBuildFile section */
		4130AB671773C244005FA8BA /* CDLogHistoryTableViewCell.m in Sources */ = {isa = PBXBuildFile; fileRef = 4130AB661773C244005FA8BA /* CDLogHistoryTableViewCell.m */; };
		419D25381760D84700F9CA7B /* pad_ref.png in Resources */ = {isa = PBXBuildFile; fileRef = 419D25371760D84700F9CA7B /* pad_ref.png */; };
		41DEFBD8175F9271001781EA /* UIKit.framework in Frameworks */ = {isa = PBXBuildFile; fileRef = 41DEFBD7175F9271001781EA /* UIKit.framework */; };
		41DEFBDA175F9271001781EA /* Foundation.framework in Frameworks */ = {isa = PBXBuildFile; fileRef = 41DEFBD9175F9271001781EA /* Foundation.framework */; };
		41DEFBDC175F9271001781EA /* CoreGraphics.framework in Frameworks */ = {isa = PBXBuildFile; fileRef = 41DEFBDB175F9271001781EA /* CoreGraphics.framework */; };
		41DEFBE2175F9271001781EA /* InfoPlist.strings in Resources */ = {isa = PBXBuildFile; fileRef = 41DEFBE0175F9271001781EA /* InfoPlist.strings */; };
		41DEFBE4175F9271001781EA /* main.m in Sources */ = {isa = PBXBuildFile; fileRef = 41DEFBE3175F9271001781EA /* main.m */; };
		41DEFBE8175F9271001781EA /* CDAppDelegate.m in Sources */ = {isa = PBXBuildFile; fileRef = 41DEFBE7175F9271001781EA /* CDAppDelegate.m */; };
		41DEFBEA175F9271001781EA /* Default.png in Resources */ = {isa = PBXBuildFile; fileRef = 41DEFBE9175F9271001781EA /* Default.png */; };
		41DEFBEC175F9271001781EA /* Default@2x.png in Resources */ = {isa = PBXBuildFile; fileRef = 41DEFBEB175F9271001781EA /* Default@2x.png */; };
		41DEFBEE175F9271001781EA /* Default-568h@2x.png in Resources */ = {isa = PBXBuildFile; fileRef = 41DEFBED175F9271001781EA /* Default-568h@2x.png */; };
		41DEFBF1175F9271001781EA /* MainStoryboard.storyboard in Resources */ = {isa = PBXBuildFile; fileRef = 41DEFBEF175F9271001781EA /* MainStoryboard.storyboard */; };
		41DEFBF4175F9271001781EA /* CDUnencryptedViewController.m in Sources */ = {isa = PBXBuildFile; fileRef = 41DEFBF3175F9271001781EA /* CDUnencryptedViewController.m */; };
		41DEFBFB175F9271001781EA /* CDStandardSSLViewController.m in Sources */ = {isa = PBXBuildFile; fileRef = 41DEFBFA175F9271001781EA /* CDStandardSSLViewController.m */; };
		41DEFC10175F9A15001781EA /* pad_closed.png in Resources */ = {isa = PBXBuildFile; fileRef = 41DEFC0D175F9A15001781EA /* pad_closed.png */; };
		41DEFC12175F9A15001781EA /* pad_open.png in Resources */ = {isa = PBXBuildFile; fileRef = 41DEFC0F175F9A15001781EA /* pad_open.png */; };
		41DEFC14175F9AA9001781EA /* pad_fp.png in Resources */ = {isa = PBXBuildFile; fileRef = 41DEFC13175F9AA9001781EA /* pad_fp.png */; };
		41DEFC17175F9BB8001781EA /* CDFingerprintViewController.m in Sources */ = {isa = PBXBuildFile; fileRef = 41DEFC16175F9BB8001781EA /* CDFingerprintViewController.m */; };
		41DEFC1E176086A4001781EA /* CDProgressDisplayController.m in Sources */ = {isa = PBXBuildFile; fileRef = 41DEFC1D176086A4001781EA /* CDProgressDisplayController.m */; };
		41DEFC2117608BF9001781EA /* CDBaseViewController.m in Sources */ = {isa = PBXBuildFile; fileRef = 41DEFC2017608BF9001781EA /* CDBaseViewController.m */; };
		41DEFC251760A252001781EA /* Security.framework in Frameworks */ = {isa = PBXBuildFile; fileRef = 41DEFC241760A252001781EA /* Security.framework */; };
		41DEFC271760A373001781EA /* www.centerdevice.de.der in Resources */ = {isa = PBXBuildFile; fileRef = 41DEFC261760A373001781EA /* www.centerdevice.de.der */; };
		41DEFC2A1760B81A001781EA /* CDSSLBaseViewController.m in Sources */ = {isa = PBXBuildFile; fileRef = 41DEFC291760B81A001781EA /* CDSSLBaseViewController.m */; };
		41DEFC2D1760C059001781EA /* CDReferenceCertViewController.m in Sources */ = {isa = PBXBuildFile; fileRef = 41DEFC2C1760C059001781EA /* CDReferenceCertViewController.m */; };
		41DEFC2F1760D28B001781EA /* star.centerdevice.de.der in Resources */ = {isa = PBXBuildFile; fileRef = 41DEFC2E1760D28A001781EA /* star.centerdevice.de.der */; };
/* End PBXBuildFile section */

/* Begin PBXFileReference section */
		4130AB651773C244005FA8BA /* CDLogHistoryTableViewCell.h */ = {isa = PBXFileReference; fileEncoding = 4; lastKnownFileType = sourcecode.c.h; path = CDLogHistoryTableViewCell.h; sourceTree = "<group>"; };
		4130AB661773C244005FA8BA /* CDLogHistoryTableViewCell.m */ = {isa = PBXFileReference; fileEncoding = 4; lastKnownFileType = sourcecode.c.objc; path = CDLogHistoryTableViewCell.m; sourceTree = "<group>"; };
		419D25371760D84700F9CA7B /* pad_ref.png */ = {isa = PBXFileReference; lastKnownFileType = image.png; path = pad_ref.png; sourceTree = "<group>"; };
		41DEFBD4175F9271001781EA /* MITM-Demo.app */ = {isa = PBXFileReference; explicitFileType = wrapper.application; includeInIndex = 0; path = "MITM-Demo.app"; sourceTree = BUILT_PRODUCTS_DIR; };
		41DEFBD7175F9271001781EA /* UIKit.framework */ = {isa = PBXFileReference; lastKnownFileType = wrapper.framework; name = UIKit.framework; path = System/Library/Frameworks/UIKit.framework; sourceTree = SDKROOT; };
		41DEFBD9175F9271001781EA /* Foundation.framework */ = {isa = PBXFileReference; lastKnownFileType = wrapper.framework; name = Foundation.framework; path = System/Library/Frameworks/Foundation.framework; sourceTree = SDKROOT; };
		41DEFBDB175F9271001781EA /* CoreGraphics.framework */ = {isa = PBXFileReference; lastKnownFileType = wrapper.framework; name = CoreGraphics.framework; path = System/Library/Frameworks/CoreGraphics.framework; sourceTree = SDKROOT; };
		41DEFBDF175F9271001781EA /* MITM-Demo-Info.plist */ = {isa = PBXFileReference; lastKnownFileType = text.plist.xml; path = "MITM-Demo-Info.plist"; sourceTree = "<group>"; };
		41DEFBE1175F9271001781EA /* en */ = {isa = PBXFileReference; lastKnownFileType = text.plist.strings; name = en; path = en.lproj/InfoPlist.strings; sourceTree = "<group>"; };
		41DEFBE3175F9271001781EA /* main.m */ = {isa = PBXFileReference; lastKnownFileType = sourcecode.c.objc; path = main.m; sourceTree = "<group>"; };
		41DEFBE5175F9271001781EA /* MITM-Demo-Prefix.pch */ = {isa = PBXFileReference; lastKnownFileType = sourcecode.c.h; path = "MITM-Demo-Prefix.pch"; sourceTree = "<group>"; };
		41DEFBE6175F9271001781EA /* CDAppDelegate.h */ = {isa = PBXFileReference; lastKnownFileType = sourcecode.c.h; path = CDAppDelegate.h; sourceTree = "<group>"; };
		41DEFBE7175F9271001781EA /* CDAppDelegate.m */ = {isa = PBXFileReference; lastKnownFileType = sourcecode.c.objc; path = CDAppDelegate.m; sourceTree = "<group>"; };
		41DEFBE9175F9271001781EA /* Default.png */ = {isa = PBXFileReference; lastKnownFileType = image.png; path = Default.png; sourceTree = "<group>"; };
		41DEFBEB175F9271001781EA /* Default@2x.png */ = {isa = PBXFileReference; lastKnownFileType = image.png; path = "Default@2x.png"; sourceTree = "<group>"; };
		41DEFBED175F9271001781EA /* Default-568h@2x.png */ = {isa = PBXFileReference; lastKnownFileType = image.png; path = "Default-568h@2x.png"; sourceTree = "<group>"; };
		41DEFBF0175F9271001781EA /* en */ = {isa = PBXFileReference; lastKnownFileType = file.storyboard; name = en; path = en.lproj/MainStoryboard.storyboard; sourceTree = "<group>"; };
		41DEFBF2175F9271001781EA /* CDUnencryptedViewController.h */ = {isa = PBXFileReference; lastKnownFileType = sourcecode.c.h; path = CDUnencryptedViewController.h; sourceTree = "<group>"; };
		41DEFBF3175F9271001781EA /* CDUnencryptedViewController.m */ = {isa = PBXFileReference; lastKnownFileType = sourcecode.c.objc; path = CDUnencryptedViewController.m; sourceTree = "<group>"; };
		41DEFBF9175F9271001781EA /* CDStandardSSLViewController.h */ = {isa = PBXFileReference; lastKnownFileType = sourcecode.c.h; path = CDStandardSSLViewController.h; sourceTree = "<group>"; };
		41DEFBFA175F9271001781EA /* CDStandardSSLViewController.m */ = {isa = PBXFileReference; lastKnownFileType = sourcecode.c.objc; path = CDStandardSSLViewController.m; sourceTree = "<group>"; };
		41DEFC0D175F9A15001781EA /* pad_closed.png */ = {isa = PBXFileReference; lastKnownFileType = image.png; path = pad_closed.png; sourceTree = "<group>"; };
		41DEFC0F175F9A15001781EA /* pad_open.png */ = {isa = PBXFileReference; lastKnownFileType = image.png; path = pad_open.png; sourceTree = "<group>"; };
		41DEFC13175F9AA9001781EA /* pad_fp.png */ = {isa = PBXFileReference; lastKnownFileType = image.png; path = pad_fp.png; sourceTree = "<group>"; };
		41DEFC15175F9BB8001781EA /* CDFingerprintViewController.h */ = {isa = PBXFileReference; fileEncoding = 4; lastKnownFileType = sourcecode.c.h; path = CDFingerprintViewController.h; sourceTree = "<group>"; };
		41DEFC16175F9BB8001781EA /* CDFingerprintViewController.m */ = {isa = PBXFileReference; fileEncoding = 4; lastKnownFileType = sourcecode.c.objc; path = CDFingerprintViewController.m; sourceTree = "<group>"; };
		41DEFC1C176086A4001781EA /* CDProgressDisplayController.h */ = {isa = PBXFileReference; fileEncoding = 4; lastKnownFileType = sourcecode.c.h; path = CDProgressDisplayController.h; sourceTree = "<group>"; };
		41DEFC1D176086A4001781EA /* CDProgressDisplayController.m */ = {isa = PBXFileReference; fileEncoding = 4; lastKnownFileType = sourcecode.c.objc; path = CDProgressDisplayController.m; sourceTree = "<group>"; };
		41DEFC1F17608BF9001781EA /* CDBaseViewController.h */ = {isa = PBXFileReference; indentWidth = 4; lastKnownFileType = sourcecode.c.h; path = CDBaseViewController.h; sourceTree = "<group>"; tabWidth = 4; usesTabs = 0; wrapsLines = 0; };
		41DEFC2017608BF9001781EA /* CDBaseViewController.m */ = {isa = PBXFileReference; indentWidth = 4; lastKnownFileType = sourcecode.c.objc; path = CDBaseViewController.m; sourceTree = "<group>"; tabWidth = 4; usesTabs = 0; wrapsLines = 0; };
		41DEFC241760A252001781EA /* Security.framework */ = {isa = PBXFileReference; lastKnownFileType = wrapper.framework; name = Security.framework; path = System/Library/Frameworks/Security.framework; sourceTree = SDKROOT; };
		41DEFC261760A373001781EA /* www.centerdevice.de.der */ = {isa = PBXFileReference; lastKnownFileType = file; path = www.centerdevice.de.der; sourceTree = "<group>"; };
		41DEFC281760B81A001781EA /* CDSSLBaseViewController.h */ = {isa = PBXFileReference; fileEncoding = 4; indentWidth = 4; lastKnownFileType = sourcecode.c.h; path = CDSSLBaseViewController.h; sourceTree = "<group>"; tabWidth = 4; usesTabs = 0; wrapsLines = 0; };
		41DEFC291760B81A001781EA /* CDSSLBaseViewController.m */ = {isa = PBXFileReference; fileEncoding = 4; indentWidth = 4; lastKnownFileType = sourcecode.c.objc; path = CDSSLBaseViewController.m; sourceTree = "<group>"; tabWidth = 4; usesTabs = 0; wrapsLines = 0; };
		41DEFC2B1760C059001781EA /* CDReferenceCertViewController.h */ = {isa = PBXFileReference; fileEncoding = 4; lastKnownFileType = sourcecode.c.h; path = CDReferenceCertViewController.h; sourceTree = "<group>"; };
		41DEFC2C1760C059001781EA /* CDReferenceCertViewController.m */ = {isa = PBXFileReference; fileEncoding = 4; lastKnownFileType = sourcecode.c.objc; path = CDReferenceCertViewController.m; sourceTree = "<group>"; };
		41DEFC2E1760D28A001781EA /* star.centerdevice.de.der */ = {isa = PBXFileReference; lastKnownFileType = file; path = star.centerdevice.de.der; sourceTree = "<group>"; };
/* End PBXFileReference section */

/* Begin PBXFrameworksBuildPhase section */
		41DEFBD1175F9271001781EA /* Frameworks */ = {
			isa = PBXFrameworksBuildPhase;
			buildActionMask = 2147483647;
			files = (
				41DEFC251760A252001781EA /* Security.framework in Frameworks */,
				41DEFBD8175F9271001781EA /* UIKit.framework in Frameworks */,
				41DEFBDA175F9271001781EA /* Foundation.framework in Frameworks */,
				41DEFBDC175F9271001781EA /* CoreGraphics.framework in Frameworks */,
			);
			runOnlyForDeploymentPostprocessing = 0;
		};
/* End PBXFrameworksBuildPhase section */

/* Begin PBXGroup section */
		414E7B7B176241BE000618D6 /* Basics */ = {
			isa = PBXGroup;
			children = (
				414E7B7D176242CC000618D6 /* App Delegate */,
				41DEFC1F17608BF9001781EA /* CDBaseViewController.h */,
				41DEFC2017608BF9001781EA /* CDBaseViewController.m */,
				41DEFC1C176086A4001781EA /* CDProgressDisplayController.h */,
				41DEFC1D176086A4001781EA /* CDProgressDisplayController.m */,
				41DEFC281760B81A001781EA /* CDSSLBaseViewController.h */,
				41DEFC291760B81A001781EA /* CDSSLBaseViewController.m */,
				4130AB651773C244005FA8BA /* CDLogHistoryTableViewCell.h */,
				4130AB661773C244005FA8BA /* CDLogHistoryTableViewCell.m */,
			);
			name = Basics;
			sourceTree = "<group>";
		};
		414E7B7C1762428B000618D6 /* Unencrypted */ = {
			isa = PBXGroup;
			children = (
				41DEFBF2175F9271001781EA /* CDUnencryptedViewController.h */,
				41DEFBF3175F9271001781EA /* CDUnencryptedViewController.m */,
			);
			name = Unencrypted;
			sourceTree = "<group>";
		};
		414E7B7D176242CC000618D6 /* App Delegate */ = {
			isa = PBXGroup;
			children = (
				41DEFBE6175F9271001781EA /* CDAppDelegate.h */,
				41DEFBE7175F9271001781EA /* CDAppDelegate.m */,
			);
			name = "App Delegate";
			sourceTree = "<group>";
		};
		414E7B7E1762430F000618D6 /* Standard SSL */ = {
			isa = PBXGroup;
			children = (
				41DEFBF9175F9271001781EA /* CDStandardSSLViewController.h */,
				41DEFBFA175F9271001781EA /* CDStandardSSLViewController.m */,
			);
			name = "Standard SSL";
			sourceTree = "<group>";
		};
		414E7B7F1762431E000618D6 /* Reference Certificate Check */ = {
			isa = PBXGroup;
			children = (
				41DEFC2B1760C059001781EA /* CDReferenceCertViewController.h */,
				41DEFC2C1760C059001781EA /* CDReferenceCertViewController.m */,
				41DEFC261760A373001781EA /* www.centerdevice.de.der */,
				41DEFC2E1760D28A001781EA /* star.centerdevice.de.der */,
			);
			name = "Reference Certificate Check";
			sourceTree = "<group>";
		};
		414E7B8017624336000618D6 /* Certificate Fingerprint Check */ = {
			isa = PBXGroup;
			children = (
				41DEFC15175F9BB8001781EA /* CDFingerprintViewController.h */,
				41DEFC16175F9BB8001781EA /* CDFingerprintViewController.m */,
			);
			name = "Certificate Fingerprint Check";
			sourceTree = "<group>";
		};
		41DEFBCB175F9271001781EA = {
			isa = PBXGroup;
			children = (
				41DEFBDD175F9271001781EA /* MITM-Demo */,
				41DEFBD6175F9271001781EA /* Frameworks */,
				41DEFBD5175F9271001781EA /* Products */,
			);
			sourceTree = "<group>";
		};
		41DEFBD5175F9271001781EA /* Products */ = {
			isa = PBXGroup;
			children = (
				41DEFBD4175F9271001781EA /* MITM-Demo.app */,
			);
			name = Products;
			sourceTree = "<group>";
		};
		41DEFBD6175F9271001781EA /* Frameworks */ = {
			isa = PBXGroup;
			children = (
				41DEFC241760A252001781EA /* Security.framework */,
				41DEFBD7175F9271001781EA /* UIKit.framework */,
				41DEFBD9175F9271001781EA /* Foundation.framework */,
				41DEFBDB175F9271001781EA /* CoreGraphics.framework */,
			);
			name = Frameworks;
			sourceTree = "<group>";
		};
		41DEFBDD175F9271001781EA /* MITM-Demo */ = {
			isa = PBXGroup;
			children = (
				41DEFBEF175F9271001781EA /* MainStoryboard.storyboard */,
				414E7B7B176241BE000618D6 /* Basics */,
				414E7B7C1762428B000618D6 /* Unencrypted */,
				414E7B7E1762430F000618D6 /* Standard SSL */,
				414E7B7F1762431E000618D6 /* Reference Certificate Check */,
				414E7B8017624336000618D6 /* Certificate Fingerprint Check */,
				41DEFBDE175F9271001781EA /* Supporting Files */,
			);
			path = "MITM-Demo";
			sourceTree = "<group>";
		};
		41DEFBDE175F9271001781EA /* Supporting Files */ = {
			isa = PBXGroup;
			children = (
				41DEFC13175F9AA9001781EA /* pad_fp.png */,
				41DEFC0D175F9A15001781EA /* pad_closed.png */,
				419D25371760D84700F9CA7B /* pad_ref.png */,
				41DEFC0F175F9A15001781EA /* pad_open.png */,
				41DEFBDF175F9271001781EA /* MITM-Demo-Info.plist */,
				41DEFBE0175F9271001781EA /* InfoPlist.strings */,
				41DEFBE3175F9271001781EA /* main.m */,
				41DEFBE5175F9271001781EA /* MITM-Demo-Prefix.pch */,
				41DEFBE9175F9271001781EA /* Default.png */,
				41DEFBEB175F9271001781EA /* Default@2x.png */,
				41DEFBED175F9271001781EA /* Default-568h@2x.png */,
			);
			name = "Supporting Files";
			sourceTree = "<group>";
		};
/* End PBXGroup section */

/* Begin PBXNativeTarget section */
		41DEFBD3175F9271001781EA /* MITM-Demo */ = {
			isa = PBXNativeTarget;
			buildConfigurationList = 41DEFC02175F9271001781EA /* Build configuration list for PBXNativeTarget "MITM-Demo" */;
			buildPhases = (
				41DEFBD0175F9271001781EA /* Sources */,
				41DEFBD1175F9271001781EA /* Frameworks */,
				41DEFBD2175F9271001781EA /* Resources */,
			);
			buildRules = (
			);
			dependencies = (
			);
			name = "MITM-Demo";
			productName = "MITM-Demo";
			productReference = 41DEFBD4175F9271001781EA /* MITM-Demo.app */;
			productType = "com.apple.product-type.application";
		};
/* End PBXNativeTarget section */

/* Begin PBXProject section */
		41DEFBCC175F9271001781EA /* Project object */ = {
			isa = PBXProject;
			attributes = {
				CLASSPREFIX = CD;
				LastUpgradeCheck = 0460;
				ORGANIZATIONNAME = "CenterDevice GmbH";
			};
			buildConfigurationList = 41DEFBCF175F9271001781EA /* Build configuration list for PBXProject "MITM-Demo" */;
			compatibilityVersion = "Xcode 3.2";
			developmentRegion = English;
			hasScannedForEncodings = 0;
			knownRegions = (
				en,
			);
			mainGroup = 41DEFBCB175F9271001781EA;
			productRefGroup = 41DEFBD5175F9271001781EA /* Products */;
			projectDirPath = "";
			projectRoot = "";
			targets = (
				41DEFBD3175F9271001781EA /* MITM-Demo */,
			);
		};
/* End PBXProject section */

/* Begin PBXResourcesBuildPhase section */
		41DEFBD2175F9271001781EA /* Resources */ = {
			isa = PBXResourcesBuildPhase;
			buildActionMask = 2147483647;
			files = (
				41DEFBE2175F9271001781EA /* InfoPlist.strings in Resources */,
				41DEFBEA175F9271001781EA /* Default.png in Resources */,
				41DEFBEC175F9271001781EA /* Default@2x.png in Resources */,
				41DEFBEE175F9271001781EA /* Default-568h@2x.png in Resources */,
				41DEFBF1175F9271001781EA /* MainStoryboard.storyboard in Resources */,
				41DEFC10175F9A15001781EA /* pad_closed.png in Resources */,
				41DEFC12175F9A15001781EA /* pad_open.png in Resources */,
				41DEFC14175F9AA9001781EA /* pad_fp.png in Resources */,
				41DEFC271760A373001781EA /* www.centerdevice.de.der in Resources */,
				41DEFC2F1760D28B001781EA /* star.centerdevice.de.der in Resources */,
				419D25381760D84700F9CA7B /* pad_ref.png in Resources */,
			);
			runOnlyForDeploymentPostprocessing = 0;
		};
/* End PBXResourcesBuildPhase section */

/* Begin PBXSourcesBuildPhase section */
		41DEFBD0175F9271001781EA /* Sources */ = {
			isa = PBXSourcesBuildPhase;
			buildActionMask = 2147483647;
			files = (
				4130AB671773C244005FA8BA /* CDLogHistoryTableViewCell.m in Sources */,
				41DEFBE4175F9271001781EA /* main.m in Sources */,
				41DEFBE8175F9271001781EA /* CDAppDelegate.m in Sources */,
				41DEFBF4175F9271001781EA /* CDUnencryptedViewController.m in Sources */,
				41DEFBFB175F9271001781EA /* CDStandardSSLViewController.m in Sources */,
				41DEFC17175F9BB8001781EA /* CDFingerprintViewController.m in Sources */,
				41DEFC1E176086A4001781EA /* CDProgressDisplayController.m in Sources */,
				41DEFC2117608BF9001781EA /* CDBaseViewController.m in Sources */,
				41DEFC2A1760B81A001781EA /* CDSSLBaseViewController.m in Sources */,
				41DEFC2D1760C059001781EA /* CDReferenceCertViewController.m in Sources */,
			);
			runOnlyForDeploymentPostprocessing = 0;
		};
/* End PBXSourcesBuildPhase section */

/* Begin PBXVariantGroup section */
		41DEFBE0175F9271001781EA /* InfoPlist.strings */ = {
			isa = PBXVariantGroup;
			children = (
				41DEFBE1175F9271001781EA /* en */,
			);
			name = InfoPlist.strings;
			sourceTree = "<group>";
		};
		41DEFBEF175F9271001781EA /* MainStoryboard.storyboard */ = {
			isa = PBXVariantGroup;
			children = (
				41DEFBF0175F9271001781EA /* en */,
			);
			name = MainStoryboard.storyboard;
			sourceTree = "<group>";
		};
/* End PBXVariantGroup section */

/* Begin XCBuildConfiguration section */
		41DEFC00175F9271001781EA /* Debug */ = {
			isa = XCBuildConfiguration;
			buildSettings = {
				ALWAYS_SEARCH_USER_PATHS = NO;
				CLANG_CXX_LANGUAGE_STANDARD = "gnu++0x";
				CLANG_CXX_LIBRARY = "libc++";
				CLANG_ENABLE_OBJC_ARC = YES;
				CLANG_WARN_CONSTANT_CONVERSION = YES;
				CLANG_WARN_EMPTY_BODY = YES;
				CLANG_WARN_ENUM_CONVERSION = YES;
				CLANG_WARN_INT_CONVERSION = YES;
				CLANG_WARN__DUPLICATE_METHOD_MATCH = YES;
				"CODE_SIGN_IDENTITY[sdk=iphoneos*]" = "iPhone Developer";
				COPY_PHASE_STRIP = NO;
				GCC_C_LANGUAGE_STANDARD = gnu99;
				GCC_DYNAMIC_NO_PIC = NO;
				GCC_OPTIMIZATION_LEVEL = 0;
				GCC_PREPROCESSOR_DEFINITIONS = (
					"DEBUG=1",
					"$(inherited)",
				);
				GCC_SYMBOLS_PRIVATE_EXTERN = NO;
				GCC_WARN_ABOUT_RETURN_TYPE = YES;
				GCC_WARN_UNINITIALIZED_AUTOS = YES;
				GCC_WARN_UNUSED_VARIABLE = YES;
				IPHONEOS_DEPLOYMENT_TARGET = 6.1;
				ONLY_ACTIVE_ARCH = YES;
				SDKROOT = iphoneos;
			};
			name = Debug;
		};
		41DEFC01175F9271001781EA /* Release */ = {
			isa = XCBuildConfiguration;
			buildSettings = {
				ALWAYS_SEARCH_USER_PATHS = NO;
				CLANG_CXX_LANGUAGE_STANDARD = "gnu++0x";
				CLANG_CXX_LIBRARY = "libc++";
				CLANG_ENABLE_OBJC_ARC = YES;
				CLANG_WARN_CONSTANT_CONVERSION = YES;
				CLANG_WARN_EMPTY_BODY = YES;
				CLANG_WARN_ENUM_CONVERSION = YES;
				CLANG_WARN_INT_CONVERSION = YES;
				CLANG_WARN__DUPLICATE_METHOD_MATCH = YES;
				"CODE_SIGN_IDENTITY[sdk=iphoneos*]" = "iPhone Developer";
				COPY_PHASE_STRIP = YES;
				GCC_C_LANGUAGE_STANDARD = gnu99;
				GCC_WARN_ABOUT_RETURN_TYPE = YES;
				GCC_WARN_UNINITIALIZED_AUTOS = YES;
				GCC_WARN_UNUSED_VARIABLE = YES;
				IPHONEOS_DEPLOYMENT_TARGET = 6.1;
				OTHER_CFLAGS = "-DNS_BLOCK_ASSERTIONS=1";
				SDKROOT = iphoneos;
				VALIDATE_PRODUCT = YES;
			};
			name = Release;
		};
		41DEFC03175F9271001781EA /* Debug */ = {
			isa = XCBuildConfiguration;
			buildSettings = {
				CODE_SIGN_IDENTITY = "iPhone Developer";
				GCC_PRECOMPILE_PREFIX_HEADER = YES;
				GCC_PREFIX_HEADER = "MITM-Demo/MITM-Demo-Prefix.pch";
				INFOPLIST_FILE = "MITM-Demo/MITM-Demo-Info.plist";
				IPHONEOS_DEPLOYMENT_TARGET = 6.0;
				PRODUCT_NAME = "$(TARGET_NAME)";
				WRAPPER_EXTENSION = app;
			};
			name = Debug;
		};
		41DEFC04175F9271001781EA /* Release */ = {
			isa = XCBuildConfiguration;
			buildSettings = {
				GCC_PRECOMPILE_PREFIX_HEADER = YES;
				GCC_PREFIX_HEADER = "MITM-Demo/MITM-Demo-Prefix.pch";
				INFOPLIST_FILE = "MITM-Demo/MITM-Demo-Info.plist";
				IPHONEOS_DEPLOYMENT_TARGET = 6.0;
				PRODUCT_NAME = "$(TARGET_NAME)";
				WRAPPER_EXTENSION = app;
			};
			name = Release;
		};
/* End XCBuildConfiguration section */

/* Begin XCConfigurationList section */
		41DEFBCF175F9271001781EA /* Build configuration list for PBXProject "MITM-Demo" */ = {
			isa = XCConfigurationList;
			buildConfigurations = (
				41DEFC00175F9271001781EA /* Debug */,
				41DEFC01175F9271001781EA /* Release */,
			);
			defaultConfigurationIsVisible = 0;
			defaultConfigurationName = Release;
		};
		41DEFC02175F9271001781EA /* Build configuration list for PBXNativeTarget "MITM-Demo" */ = {
			isa = XCConfigurationList;
			buildConfigurations = (
				41DEFC03175F9271001781EA /* Debug */,
				41DEFC04175F9271001781EA /* Release */,
			);
			defaultConfigurationIsVisible = 0;
			defaultConfigurationName = Release;
		};
/* End XCConfigurationList section */
	};
	rootObject = 41DEFBCC175F9271001781EA /* Project object */;
}
